
Microsoft Visual Studio Solution File, Format Version 12.00
# Visual Studio Version 17
VisualStudioVersion = 17.7.34202.233
MinimumVisualStudioVersion = 10.0.40219.1
Project("{FAE04EC0-301F-11D3-BF4B-00C04F79EFBC}") = "dClock", "dClock.csproj", "{C072F3EE-8976-4230-BCDD-4C9A360F064E}"
EndProject
Global
	GlobalSection(SolutionConfigurationPlatforms) = preSolution
		Debug|Any CPU = Debug|Any CPU
		Release|Any CPU = Release|Any CPU
	EndGlobalSection
	GlobalSection(ProjectConfigurationPlatforms) = postSolution
		{C072F3EE-8976-4230-BCDD-4C9A360F064E}.Debug|Any CPU.ActiveCfg = Debug|Any CPU
		{C072F3EE-8976-4230-BCDD-4C9A360F064E}.Debug|Any CPU.Build.0 = Debug|Any CPU
		{C072F3EE-8976-4230-BCDD-4C9A360F064E}.Release|Any CPU.ActiveCfg = Release|Any CPU
		{C072F3EE-8976-4230-BCDD-4C9A360F064E}.Release|Any CPU.Build.0 = Release|Any CPU
	EndGlobalSection
	GlobalSection(SolutionProperties) = preSolution
		HideSolutionNode = FALSE
	EndGlobalSection
	GlobalSection(ExtensibilityGlobals) = postSolution
		SolutionGuid = {3A8327ED-502B-4949-BF1E-CBA6CBA7B2E6}
	EndGlobalSection
EndGlobal
